{
  "name": "monochrome_npm_test",
  "version": "1.0.0",
  "lockfileVersion": 1,
  "requires": true,
  "dependencies": {
    "async-limiter": {
      "version": "1.0.1",
      "resolved": "https://registry.npmjs.org/async-limiter/-/async-limiter-1.0.1.tgz",
      "integrity": "sha512-csOlWGAcRFJaI6m+F2WKdnMKr4HhdhFVBk0H/QbJFMCr+uO2kwohwXQPxw/9OCxp05r5ghVBFSyioixx3gfkNQ=="
    },
    "async-on-exit": {
      "version": "0.1.0",
      "resolved": "https://registry.npmjs.org/async-on-exit/-/async-on-exit-0.1.0.tgz",
      "integrity": "sha512-jPNzHLtip0+bQtbEG3Ep4LhTe+7cJ5vF+GWf8oFCw30ehPuECRIgs7p3YiIZ01e8YP+Vf7Q0uaaqUWYTes7x5g=="
    },
    "axios": {
      "version": "0.19.2",
      "resolved": "https://registry.npmjs.org/axios/-/axios-0.19.2.tgz",
      "integrity": "sha512-fjgm5MvRHLhx+osE2xoekY70AhARk3a6hkN+3Io1jc00jtquGvxYlKlsFUhmUET0V5te6CcZI7lcv2Ym61mjHA==",
      "requires": {
        "follow-redirects": "1.5.10"
      }
    },
    "debug": {
      "version": "3.1.0",
      "resolved": "https://registry.npmjs.org/debug/-/debug-3.1.0.tgz",
      "integrity": "sha512-OX8XqP7/1a9cqkxYw2yXss15f26NKWBpDXQd0/uK/KPqdQhxbPa994hnzjcE2VqQpDslf55723cKPUOGSmMY3g==",
      "requires": {
        "ms": "2.0.0"
      }
    },
    "eris": {
      "version": "0.10.1",
      "resolved": "https://registry.npmjs.org/eris/-/eris-0.10.1.tgz",
      "integrity": "sha512-POWCQ91xmG75U5V3i2bAvh/hco+HkgF+YJzerTcULe++AgKutA4l1adxqUrJ13Nxah/O+olkkQCufO+gQoawtA==",
      "requires": {
        "opusscript": "^0.0.4",
        "tweetnacl": "^1.0.0",
        "ws": "^6.0.0"
      }
    },
    "follow-redirects": {
      "version": "1.5.10",
      "resolved": "https://registry.npmjs.org/follow-redirects/-/follow-redirects-1.5.10.tgz",
      "integrity": "sha512-0V5l4Cizzvqt5D44aTXbFZz+FtyXV1vrDN6qrelxtfYQKW0KO0W2T/hkE8xvGa/540LkZlkaUjO4ailYTFtHVQ==",
      "requires": {
        "debug": "=3.1.0"
      }
    },
    "fpersist": {
      "version": "1.0.5",
      "resolved": "https://registry.npmjs.org/fpersist/-/fpersist-1.0.5.tgz",
      "integrity": "sha512-WXY+zZXlOo1dU+wS8rqigz5PFu7WHBDd0vcaaWcnu319bPJi/IeWipOmi1PNaHAUqFVSzp1mLpNkgX6g2uLGbQ=="
    },
    "monochrome-bot": {
      "version": "2.3.9",
      "resolved": "https://registry.npmjs.org/monochrome-bot/-/monochrome-bot-2.3.9.tgz",
      "integrity": "sha512-0IcXdQUKPDAjPzSCPcXjQfJEvY5dLwnzHbkaad/R5ghD0JhsYBrMaSewbzOL+QWMyuC1JPfSnHnnCMurcQME1A==",
      "requires": {
        "async-on-exit": "0.1.0",
        "axios": "^0.19.0",
        "eris": "^0.10.1",
        "fpersist": "^1.0.1",
        "require-reload": "0.2.2"
      }
    },
    "ms": {
      "version": "2.0.0",
      "resolved": "https://registry.npmjs.org/ms/-/ms-2.0.0.tgz",
      "integrity": "sha512-Tpp60P6IUJDTuOq/5Z8cdskzJujfwqfOTkrwIwj7IRISpnkJnT6SyJ4PCPnGMoFjC9ddhal5KVIYtAt97ix05A=="
    },
    "opusscript": {
      "version": "0.0.4",
      "resolved": "https://registry.npmjs.org/opusscript/-/opusscript-0.0.4.tgz",
      "integrity": "sha512-bEPZFE2lhUJYQD5yfTFO4RhbRZ937x6hRwBC1YoGacT35bwDVwKFP1+amU8NYfZL/v4EU7ZTU3INTqzYAnuP7Q==",
      "optional": true
    },
    "require-reload": {
      "version": "0.2.2",
      "resolved": "https://registry.npmjs.org/require-reload/-/require-reload-0.2.2.tgz",
      "integrity": "sha1-KadZGEbK+RtuijzamRaD+V+NfUI="
    },
    "tweetnacl": {
      "version": "1.0.3",
      "resolved": "https://registry.npmjs.org/tweetnacl/-/tweetnacl-1.0.3.tgz",
      "integrity": "sha512-6rt+RN7aOi1nGMyC4Xa5DdYiukl2UWCbcJft7YhxReBGQD7OAM8Pbxw6YMo4r2diNEA8FEmu32YOn9rhaiE5yw==",
      "optional": true
    },
    "ws": {
      "version": "6.2.2",
      "resolved": "https://registry.npmjs.org/ws/-/ws-6.2.2.tgz",
      "integrity": "sha512-zmhltoSR8u1cnDsD43TX59mzoMZsLKqUweyYBAIvTngR3shc0W6aOZylZmq/7hqyVxPdi+5Ud2QInblgyE72fw==",
      "requires": {
        "async-limiter": "~1.0.0"
      }
    }
  }
}
